
Microsoft Visual Studio Solution File, Format Version 12.00
# Visual Studio Version 17
VisualStudioVersion = 17.3.32929.385
MinimumVisualStudioVersion = 10.0.40219.1
Project("{9A19103F-16F7-4668-BE54-9A1E7A4F7556}") = "Ikea-Idasen-Control", "Ikea-Idasen-Control\Ikea-Idasen-Control.csproj", "{179DEA15-A451-46CF-995B-E2A53B6C6117}"
EndProject
Global
	GlobalSection(SolutionConfigurationPlatforms) = preSolution
		Debug|Any CPU = Debug|Any CPU
		Release|Any CPU = Release|Any CPU
	EndGlobalSection
	GlobalSection(ProjectConfigurationPlatforms) = postSolution
		{179DEA15-A451-46CF-995B-E2A53B6C6117}.Debug|Any CPU.ActiveCfg = Debug|Any CPU
		{179DEA15-A451-46CF-995B-E2A53B6C6117}.Debug|Any CPU.Build.0 = Debug|Any CPU
		{179DEA15-A451-46CF-995B-E2A53B6C6117}.Release|Any CPU.ActiveCfg = Release|Any CPU
		{179DEA15-A451-46CF-995B-E2A53B6C6117}.Release|Any CPU.Build.0 = Release|Any CPU
	EndGlobalSection
	GlobalSection(SolutionProperties) = preSolution
		HideSolutionNode = FALSE
	EndGlobalSection
	GlobalSection(ExtensibilityGlobals) = postSolution
		SolutionGuid = {F02CB604-5B17-486E-8313-4EDB9940E4C6}
	EndGlobalSection
EndGlobal
